
Microsoft Visual Studio Solution File, Format Version 12.00
# Visual Studio Version 17
VisualStudioVersion = 17.5.33414.496
MinimumVisualStudioVersion = 10.0.40219.1
Project("{FAE04EC0-301F-11D3-BF4B-00C04F79EFBC}") = "fExamAppv1", "fExamAppv1\fExamAppv1.csproj", "{5BBC770D-F110-4FE6-B4A7-05F67328142A}"
EndProject
Global
	GlobalSection(SolutionConfigurationPlatforms) = preSolution
		Debug|Any CPU = Debug|Any CPU
		Release|Any CPU = Release|Any CPU
	EndGlobalSection
	GlobalSection(ProjectConfigurationPlatforms) = postSolution
		{5BBC770D-F110-4FE6-B4A7-05F67328142A}.Debug|Any CPU.ActiveCfg = Debug|Any CPU
		{5BBC770D-F110-4FE6-B4A7-05F67328142A}.Debug|Any CPU.Build.0 = Debug|Any CPU
		{5BBC770D-F110-4FE6-B4A7-05F67328142A}.Release|Any CPU.ActiveCfg = Release|Any CPU
		{5BBC770D-F110-4FE6-B4A7-05F67328142A}.Release|Any CPU.Build.0 = Release|Any CPU
	EndGlobalSection
	GlobalSection(SolutionProperties) = preSolution
		HideSolutionNode = FALSE
	EndGlobalSection
	GlobalSection(ExtensibilityGlobals) = postSolution
		SolutionGuid = {64209BDF-C609-46D1-A85F-7005E284AB27}
	EndGlobalSection
EndGlobal
